
Microsoft Visual Studio Solution File, Format Version 12.00
# Visual Studio 15
VisualStudioVersion = 15.0.27703.2035
MinimumVisualStudioVersion = 10.0.40219.1
Project("{9A19103F-16F7-4668-BE54-9A1E7A4F7556}") = "Glasswall.Tenant.Management", "Source\Glasswall.Tenant.Management\Glasswall.Tenant.Management.csproj", "{68AF763B-5DE1-4A6C-B9AD-C2DFD91A6691}"
EndProject
Project("{9A19103F-16F7-4668-BE54-9A1E7A4F7556}") = "Glasswall.Tenant.Management.Tests.L0", "Test\Glasswall.FileTrust.Tenant.Management.Tests.L0\Glasswall.Tenant.Management.Tests.L0.csproj", "{02420EB1-99E9-4CC5-90A5-FAE9F10EF114}"
EndProject
Project("{9A19103F-16F7-4668-BE54-9A1E7A4F7556}") = "Glasswall.Tenant.Management.Tests.L1", "Test\Glasswall.Tenant.Management.Tests.L1\Glasswall.Tenant.Management.Tests.L1.csproj", "{FF99CF80-3E67-40DD-AF27-F0EC04ED976C}"
EndProject
Global
	GlobalSection(SolutionConfigurationPlatforms) = preSolution
		Debug|Any CPU = Debug|Any CPU
		Release|Any CPU = Release|Any CPU
	EndGlobalSection
	GlobalSection(ProjectConfigurationPlatforms) = postSolution
		{68AF763B-5DE1-4A6C-B9AD-C2DFD91A6691}.Debug|Any CPU.ActiveCfg = Debug|Any CPU
		{68AF763B-5DE1-4A6C-B9AD-C2DFD91A6691}.Debug|Any CPU.Build.0 = Debug|Any CPU
		{68AF763B-5DE1-4A6C-B9AD-C2DFD91A6691}.Release|Any CPU.ActiveCfg = Release|Any CPU
		{68AF763B-5DE1-4A6C-B9AD-C2DFD91A6691}.Release|Any CPU.Build.0 = Release|Any CPU
		{02420EB1-99E9-4CC5-90A5-FAE9F10EF114}.Debug|Any CPU.ActiveCfg = Debug|Any CPU
		{02420EB1-99E9-4CC5-90A5-FAE9F10EF114}.Debug|Any CPU.Build.0 = Debug|Any CPU
		{02420EB1-99E9-4CC5-90A5-FAE9F10EF114}.Release|Any CPU.ActiveCfg = Release|Any CPU
		{02420EB1-99E9-4CC5-90A5-FAE9F10EF114}.Release|Any CPU.Build.0 = Release|Any CPU
		{FF99CF80-3E67-40DD-AF27-F0EC04ED976C}.Debug|Any CPU.ActiveCfg = Debug|Any CPU
		{FF99CF80-3E67-40DD-AF27-F0EC04ED976C}.Debug|Any CPU.Build.0 = Debug|Any CPU
		{FF99CF80-3E67-40DD-AF27-F0EC04ED976C}.Release|Any CPU.ActiveCfg = Release|Any CPU
		{FF99CF80-3E67-40DD-AF27-F0EC04ED976C}.Release|Any CPU.Build.0 = Release|Any CPU
	EndGlobalSection
	GlobalSection(SolutionProperties) = preSolution
		HideSolutionNode = FALSE
	EndGlobalSection
	GlobalSection(ExtensibilityGlobals) = postSolution
		SolutionGuid = {4F69C985-09B2-41C2-9F3B-48621F90D90A}
	EndGlobalSection
EndGlobal
